{
  "name": "landing",
  "version": "0.0.0",
  "lockfileVersion": 1,
  "requires": true,
  "dependencies": {
    "ng2-cookies": {
      "version": "1.0.12",
      "resolved": "https://registry.npmjs.org/ng2-cookies/-/ng2-cookies-1.0.12.tgz",
      "integrity": "sha1-Pz5hPgE3sGSbcFxngHS0vQgUnMw="
    }
  }
}
